// !$*UTF8*$!
{
	archiveVersion = 1;
	classes = {
	};
	objectVersion = 46;
	objects = {

/* Begin PBXBuildFile section */
		4F40A37F1C22A2F500C9FD42 /* AppDelegate.swift in Sources */ = {isa = PBXBuildFile; fileRef = 4F40A37E1C22A2F500C9FD42 /* AppDelegate.swift */; };
		4F40A3811C22A2F500C9FD42 /* ViewController.swift in Sources */ = {isa = PBXBuildFile; fileRef = 4F40A3801C22A2F500C9FD42 /* ViewController.swift */; };
		4F40A3841C22A2F500C9FD42 /* Main.storyboard in Resources */ = {isa = PBXBuildFile; fileRef = 4F40A3821C22A2F500C9FD42 /* Main.storyboard */; };
		4F40A3871C22A2F500C9FD42 /* elysium.xcdatamodeld in Sources */ = {isa = PBXBuildFile; fileRef = 4F40A3851C22A2F500C9FD42 /* elysium.xcdatamodeld */; };
		4F40A3891C22A2F500C9FD42 /* Assets.xcassets in Resources */ = {isa = PBXBuildFile; fileRef = 4F40A3881C22A2F500C9FD42 /* Assets.xcassets */; };
		4F40A38C1C22A2F500C9FD42 /* LaunchScreen.storyboard in Resources */ = {isa = PBXBuildFile; fileRef = 4F40A38A1C22A2F500C9FD42 /* LaunchScreen.storyboard */; };
		4F40A3971C22A2F500C9FD42 /* elysiumTests.swift in Sources */ = {isa = PBXBuildFile; fileRef = 4F40A3961C22A2F500C9FD42 /* elysiumTests.swift */; };
		4F40A3A21C22A2F500C9FD42 /* elysiumUITests.swift in Sources */ = {isa = PBXBuildFile; fileRef = 4F40A3A11C22A2F500C9FD42 /* elysiumUITests.swift */; };
/* End PBXBuildFile section */

/* Begin PBXContainerItemProxy section */
		4F40A3931C22A2F500C9FD42 /* PBXContainerItemProxy */ = {
			isa = PBXContainerItemProxy;
			containerPortal = 4F40A3731C22A2F500C9FD42 /* Project object */;
			proxyType = 1;
			remoteGlobalIDString = 4F40A37A1C22A2F500C9FD42;
			remoteInfo = elysium;
		};
		4F40A39E1C22A2F500C9FD42 /* PBXContainerItemProxy */ = {
			isa = PBXContainerItemProxy;
			containerPortal = 4F40A3731C22A2F500C9FD42 /* Project object */;
			proxyType = 1;
			remoteGlobalIDString = 4F40A37A1C22A2F500C9FD42;
			remoteInfo = elysium;
		};
/* End PBXContainerItemProxy section */

/* Begin PBXFileReference section */
		4F40A37B1C22A2F500C9FD42 /* elysium.app */ = {isa = PBXFileReference; explicitFileType = wrapper.application; includeInIndex = 0; path = elysium.app; sourceTree = BUILT_PRODUCTS_DIR; };
		4F40A37E1C22A2F500C9FD42 /* AppDelegate.swift */ = {isa = PBXFileReference; lastKnownFileType = sourcecode.swift; path = AppDelegate.swift; sourceTree = "<group>"; };
		4F40A3801C22A2F500C9FD42 /* ViewController.swift */ = {isa = PBXFileReference; lastKnownFileType = sourcecode.swift; path = ViewController.swift; sourceTree = "<group>"; };
		4F40A3831C22A2F500C9FD42 /* Base */ = {isa = PBXFileReference; lastKnownFileType = file.storyboard; name = Base; path = Base.lproj/Main.storyboard; sourceTree = "<group>"; };
		4F40A3861C22A2F500C9FD42 /* elysium.xcdatamodel */ = {isa = PBXFileReference; lastKnownFileType = wrapper.xcdatamodel; path = elysium.xcdatamodel; sourceTree = "<group>"; };
		4F40A3881C22A2F500C9FD42 /* Assets.xcassets */ = {isa = PBXFileReference; lastKnownFileType = folder.assetcatalog; path = Assets.xcassets; sourceTree = "<group>"; };
		4F40A38B1C22A2F500C9FD42 /* Base */ = {isa = PBXFileReference; lastKnownFileType = file.storyboard; name = Base; path = Base.lproj/LaunchScreen.storyboard; sourceTree = "<group>"; };
		4F40A38D1C22A2F500C9FD42 /* Info.plist */ = {isa = PBXFileReference; lastKnownFileType = text.plist.xml; path = Info.plist; sourceTree = "<group>"; };
		4F40A3921C22A2F500C9FD42 /* elysiumTests.xctest */ = {isa = PBXFileReference; explicitFileType = wrapper.cfbundle; includeInIndex = 0; path = elysiumTests.xctest; sourceTree = BUILT_PRODUCTS_DIR; };
		4F40A3961C22A2F500C9FD42 /* elysiumTests.swift */ = {isa = PBXFileReference; lastKnownFileType = sourcecode.swift; path = elysiumTests.swift; sourceTree = "<group>"; };
		4F40A3981C22A2F500C9FD42 /* Info.plist */ = {isa = PBXFileReference; lastKnownFileType = text.plist.xml; path = Info.plist; sourceTree = "<group>"; };
		4F40A39D1C22A2F500C9FD42 /* elysiumUITests.xctest */ = {isa = PBXFileReference; explicitFileType = wrapper.cfbundle; includeInIndex = 0; path = elysiumUITests.xctest; sourceTree = BUILT_PRODUCTS_DIR; };
		4F40A3A11C22A2F500C9FD42 /* elysiumUITests.swift */ = {isa = PBXFileReference; lastKnownFileType = sourcecode.swift; path = elysiumUITests.swift; sourceTree = "<group>"; };
		4F40A3A31C22A2F500C9FD42 /* Info.plist */ = {isa = PBXFileReference; lastKnownFileType = text.plist.xml; path = Info.plist; sourceTree = "<group>"; };
/* End PBXFileReference section */

/* Begin PBXFrameworksBuildPhase section */
		4F40A3781C22A2F500C9FD42 /* Frameworks */ = {
			isa = PBXFrameworksBuildPhase;
			buildActionMask = 2147483647;
			files = (
			);
			runOnlyForDeploymentPostprocessing = 0;
		};
		4F40A38F1C22A2F500C9FD42 /* Frameworks */ = {
			isa = PBXFrameworksBuildPhase;
			buildActionMask = 2147483647;
			files = (
			);
			runOnlyForDeploymentPostprocessing = 0;
		};
		4F40A39A1C22A2F500C9FD42 /* Frameworks */ = {
			isa = PBXFrameworksBuildPhase;
			buildActionMask = 2147483647;
			files = (
			);
			runOnlyForDeploymentPostprocessing = 0;
		};
/* End PBXFrameworksBuildPhase section */

/* Begin PBXGroup section */
		4F40A3721C22A2F500C9FD42 = {
			isa = PBXGroup;
			children = (
				4F40A37D1C22A2F500C9FD42 /* elysium */,
				4F40A3951C22A2F500C9FD42 /* elysiumTests */,
				4F40A3A01C22A2F500C9FD42 /* elysiumUITests */,
				4F40A37C1C22A2F500C9FD42 /* Products */,
			);
			sourceTree = "<group>";
		};
		4F40A37C1C22A2F500C9FD42 /* Products */ = {
			isa = PBXGroup;
			children = (
				4F40A37B1C22A2F500C9FD42 /* elysium.app */,
				4F40A3921C22A2F500C9FD42 /* elysiumTests.xctest */,
				4F40A39D1C22A2F500C9FD42 /* elysiumUITests.xctest */,
			);
			name = Products;
			sourceTree = "<group>";
		};
		4F40A37D1C22A2F500C9FD42 /* elysium */ = {
			isa = PBXGroup;
			children = (
				4F40A37E1C22A2F500C9FD42 /* AppDelegate.swift */,
				4F40A3801C22A2F500C9FD42 /* ViewController.swift */,
				4F40A3821C22A2F500C9FD42 /* Main.storyboard */,
				4F40A3881C22A2F500C9FD42 /* Assets.xcassets */,
				4F40A38A1C22A2F500C9FD42 /* LaunchScreen.storyboard */,
				4F40A38D1C22A2F500C9FD42 /* Info.plist */,
				4F40A3851C22A2F500C9FD42 /* elysium.xcdatamodeld */,
			);
			path = elysium;
			sourceTree = "<group>";
		};
		4F40A3951C22A2F500C9FD42 /* elysiumTests */ = {
			isa = PBXGroup;
			children = (
				4F40A3961C22A2F500C9FD42 /* elysiumTests.swift */,
				4F40A3981C22A2F500C9FD42 /* Info.plist */,
			);
			path = elysiumTests;
			sourceTree = "<group>";
		};
		4F40A3A01C22A2F500C9FD42 /* elysiumUITests */ = {
			isa = PBXGroup;
			children = (
				4F40A3A11C22A2F500C9FD42 /* elysiumUITests.swift */,
				4F40A3A31C22A2F500C9FD42 /* Info.plist */,
			);
			path = elysiumUITests;
			sourceTree = "<group>";
		};
/* End PBXGroup section */

/* Begin PBXNativeTarget section */
		4F40A37A1C22A2F500C9FD42 /* elysium */ = {
			isa = PBXNativeTarget;
			buildConfigurationList = 4F40A3A61C22A2F500C9FD42 /* Build configuration list for PBXNativeTarget "elysium" */;
			buildPhases = (
				4F40A3771C22A2F500C9FD42 /* Sources */,
				4F40A3781C22A2F500C9FD42 /* Frameworks */,
				4F40A3791C22A2F500C9FD42 /* Resources */,
			);
			buildRules = (
			);
			dependencies = (
			);
			name = elysium;
			productName = elysium;
			productReference = 4F40A37B1C22A2F500C9FD42 /* elysium.app */;
			productType = "com.apple.product-type.application";
		};
		4F40A3911C22A2F500C9FD42 /* elysiumTests */ = {
			isa = PBXNativeTarget;
			buildConfigurationList = 4F40A3A91C22A2F500C9FD42 /* Build configuration list for PBXNativeTarget "elysiumTests" */;
			buildPhases = (
				4F40A38E1C22A2F500C9FD42 /* Sources */,
				4F40A38F1C22A2F500C9FD42 /* Frameworks */,
				4F40A3901C22A2F500C9FD42 /* Resources */,
			);
			buildRules = (
			);
			dependencies = (
				4F40A3941C22A2F500C9FD42 /* PBXTargetDependency */,
			);
			name = elysiumTests;
			productName = elysiumTests;
			productReference = 4F40A3921C22A2F500C9FD42 /* elysiumTests.xctest */;
			productType = "com.apple.product-type.bundle.unit-test";
		};
		4F40A39C1C22A2F500C9FD42 /* elysiumUITests */ = {
			isa = PBXNativeTarget;
			buildConfigurationList = 4F40A3AC1C22A2F500C9FD42 /* Build configuration list for PBXNativeTarget "elysiumUITests" */;
			buildPhases = (
				4F40A3991C22A2F500C9FD42 /* Sources */,
				4F40A39A1C22A2F500C9FD42 /* Frameworks */,
				4F40A39B1C22A2F500C9FD42 /* Resources */,
			);
			buildRules = (
			);
			dependencies = (
				4F40A39F1C22A2F500C9FD42 /* PBXTargetDependency */,
			);
			name = elysiumUITests;
			productName = elysiumUITests;
			productReference = 4F40A39D1C22A2F500C9FD42 /* elysiumUITests.xctest */;
			productType = "com.apple.product-type.bundle.ui-testing";
		};
/* End PBXNativeTarget section */

/* Begin PBXProject section */
		4F40A3731C22A2F500C9FD42 /* Project object */ = {
			isa = PBXProject;
			attributes = {
				LastSwiftUpdateCheck = 0710;
				LastUpgradeCheck = 0710;
				ORGANIZATIONNAME = UnionBank;
				TargetAttributes = {
					4F40A37A1C22A2F500C9FD42 = {
						CreatedOnToolsVersion = 7.1.1;
					};
					4F40A3911C22A2F500C9FD42 = {
						CreatedOnToolsVersion = 7.1.1;
						TestTargetID = 4F40A37A1C22A2F500C9FD42;
					};
					4F40A39C1C22A2F500C9FD42 = {
						CreatedOnToolsVersion = 7.1.1;
						TestTargetID = 4F40A37A1C22A2F500C9FD42;
					};
				};
			};
			buildConfigurationList = 4F40A3761C22A2F500C9FD42 /* Build configuration list for PBXProject "elysium" */;
			compatibilityVersion = "Xcode 3.2";
			developmentRegion = English;
			hasScannedForEncodings = 0;
			knownRegions = (
				en,
				Base,
			);
			mainGroup = 4F40A3721C22A2F500C9FD42;
			productRefGroup = 4F40A37C1C22A2F500C9FD42 /* Products */;
			projectDirPath = "";
			projectRoot = "";
			targets = (
				4F40A37A1C22A2F500C9FD42 /* elysium */,
				4F40A3911C22A2F500C9FD42 /* elysiumTests */,
				4F40A39C1C22A2F500C9FD42 /* elysiumUITests */,
			);
		};
/* End PBXProject section */

/* Begin PBXResourcesBuildPhase section */
		4F40A3791C22A2F500C9FD42 /* Resources */ = {
			isa = PBXResourcesBuildPhase;
			buildActionMask = 2147483647;
			files = (
				4F40A38C1C22A2F500C9FD42 /* LaunchScreen.storyboard in Resources */,
				4F40A3891C22A2F500C9FD42 /* Assets.xcassets in Resources */,
				4F40A3841C22A2F500C9FD42 /* Main.storyboard in Resources */,
			);
			runOnlyForDeploymentPostprocessing = 0;
		};
		4F40A3901C22A2F500C9FD42 /* Resources */ = {
			isa = PBXResourcesBuildPhase;
			buildActionMask = 2147483647;
			files = (
			);
			runOnlyForDeploymentPostprocessing = 0;
		};
		4F40A39B1C22A2F500C9FD42 /* Resources */ = {
			isa = PBXResourcesBuildPhase;
			buildActionMask = 2147483647;
			files = (
			);
			runOnlyForDeploymentPostprocessing = 0;
		};
/* End PBXResourcesBuildPhase section */

/* Begin PBXSourcesBuildPhase section */
		4F40A3771C22A2F500C9FD42 /* Sources */ = {
			isa = PBXSourcesBuildPhase;
			buildActionMask = 2147483647;
			files = (
				4F40A3871C22A2F500C9FD42 /* elysium.xcdatamodeld in Sources */,
				4F40A3811C22A2F500C9FD42 /* ViewController.swift in Sources */,
				4F40A37F1C22A2F500C9FD42 /* AppDelegate.swift in Sources */,
			);
			runOnlyForDeploymentPostprocessing = 0;
		};
		4F40A38E1C22A2F500C9FD42 /* Sources */ = {
			isa = PBXSourcesBuildPhase;
			buildActionMask = 2147483647;
			files = (
				4F40A3971C22A2F500C9FD42 /* elysiumTests.swift in Sources */,
			);
			runOnlyForDeploymentPostprocessing = 0;
		};
		4F40A3991C22A2F500C9FD42 /* Sources */ = {
			isa = PBXSourcesBuildPhase;
			buildActionMask = 2147483647;
			files = (
				4F40A3A21C22A2F500C9FD42 /* elysiumUITests.swift in Sources */,
			);
			runOnlyForDeploymentPostprocessing = 0;
		};
/* End PBXSourcesBuildPhase section */

/* Begin PBXTargetDependency section */
		4F40A3941C22A2F500C9FD42 /* PBXTargetDependency */ = {
			isa = PBXTargetDependency;
			target = 4F40A37A1C22A2F500C9FD42 /* elysium */;
			targetProxy = 4F40A3931C22A2F500C9FD42 /* PBXContainerItemProxy */;
		};
		4F40A39F1C22A2F500C9FD42 /* PBXTargetDependency */ = {
			isa = PBXTargetDependency;
			target = 4F40A37A1C22A2F500C9FD42 /* elysium */;
			targetProxy = 4F40A39E1C22A2F500C9FD42 /* PBXContainerItemProxy */;
		};
/* End PBXTargetDependency section */

/* Begin PBXVariantGroup section */
		4F40A3821C22A2F500C9FD42 /* Main.storyboard */ = {
			isa = PBXVariantGroup;
			children = (
				4F40A3831C22A2F500C9FD42 /* Base */,
			);
			name = Main.storyboard;
			sourceTree = "<group>";
		};
		4F40A38A1C22A2F500C9FD42 /* LaunchScreen.storyboard */ = {
			isa = PBXVariantGroup;
			children = (
				4F40A38B1C22A2F500C9FD42 /* Base */,
			);
			name = LaunchScreen.storyboard;
			sourceTree = "<group>";
		};
/* End PBXVariantGroup section */

/* Begin XCBuildConfiguration section */
		4F40A3A41C22A2F500C9FD42 /* Debug */ = {
			isa = XCBuildConfiguration;
			buildSettings = {
				ALWAYS_SEARCH_USER_PATHS = NO;
				CLANG_CXX_LANGUAGE_STANDARD = "gnu++0x";
				CLANG_CXX_LIBRARY = "libc++";
				CLANG_ENABLE_MODULES = YES;
				CLANG_ENABLE_OBJC_ARC = YES;
				CLANG_WARN_BOOL_CONVERSION = YES;
				CLANG_WARN_CONSTANT_CONVERSION = YES;
				CLANG_WARN_DIRECT_OBJC_ISA_USAGE = YES_ERROR;
				CLANG_WARN_EMPTY_BODY = YES;
				CLANG_WARN_ENUM_CONVERSION = YES;
				CLANG_WARN_INT_CONVERSION = YES;
				CLANG_WARN_OBJC_ROOT_CLASS = YES_ERROR;
				CLANG_WARN_UNREACHABLE_CODE = YES;
				CLANG_WARN__DUPLICATE_METHOD_MATCH = YES;
				"CODE_SIGN_IDENTITY[sdk=iphoneos*]" = "iPhone Developer";
				COPY_PHASE_STRIP = NO;
				DEBUG_INFORMATION_FORMAT = dwarf;
				ENABLE_STRICT_OBJC_MSGSEND = YES;
				ENABLE_TESTABILITY = YES;
				GCC_C_LANGUAGE_STANDARD = gnu99;
				GCC_DYNAMIC_NO_PIC = NO;
				GCC_NO_COMMON_BLOCKS = YES;
				GCC_OPTIMIZATION_LEVEL = 0;
				GCC_PREPROCESSOR_DEFINITIONS = (
					"DEBUG=1",
					"$(inherited)",
				);
				GCC_WARN_64_TO_32_BIT_CONVERSION = YES;
				GCC_WARN_ABOUT_RETURN_TYPE = YES_ERROR;
				GCC_WARN_UNDECLARED_SELECTOR = YES;
				GCC_WARN_UNINITIALIZED_AUTOS = YES_AGGRESSIVE;
				GCC_WARN_UNUSED_FUNCTION = YES;
				GCC_WARN_UNUSED_VARIABLE = YES;
				IPHONEOS_DEPLOYMENT_TARGET = 9.1;
				MTL_ENABLE_DEBUG_INFO = YES;
				ONLY_ACTIVE_ARCH = YES;
				SDKROOT = iphoneos;
				SWIFT_OPTIMIZATION_LEVEL = "-Onone";
			};
			name = Debug;
		};
		4F40A3A51C22A2F500C9FD42 /* Release */ = {
			isa = XCBuildConfiguration;
			buildSettings = {
				ALWAYS_SEARCH_USER_PATHS = NO;
				CLANG_CXX_LANGUAGE_STANDARD = "gnu++0x";
				CLANG_CXX_LIBRARY = "libc++";
				CLANG_ENABLE_MODULES = YES;
				CLANG_ENABLE_OBJC_ARC = YES;
				CLANG_WARN_BOOL_CONVERSION = YES;
				CLANG_WARN_CONSTANT_CONVERSION = YES;
				CLANG_WARN_DIRECT_OBJC_ISA_USAGE = YES_ERROR;
				CLANG_WARN_EMPTY_BODY = YES;
				CLANG_WARN_ENUM_CONVERSION = YES;
				CLANG_WARN_INT_CONVERSION = YES;
				CLANG_WARN_OBJC_ROOT_CLASS = YES_ERROR;
				CLANG_WARN_UNREACHABLE_CODE = YES;
				CLANG_WARN__DUPLICATE_METHOD_MATCH = YES;
				"CODE_SIGN_IDENTITY[sdk=iphoneos*]" = "iPhone Developer";
				COPY_PHASE_STRIP = NO;
				DEBUG_INFORMATION_FORMAT = "dwarf-with-dsym";
				ENABLE_NS_ASSERTIONS = NO;
				ENABLE_STRICT_OBJC_MSGSEND = YES;
				GCC_C_LANGUAGE_STANDARD = gnu99;
				GCC_NO_COMMON_BLOCKS = YES;
				GCC_WARN_64_TO_32_BIT_CONVERSION = YES;
				GCC_WARN_ABOUT_RETURN_TYPE = YES_ERROR;
				GCC_WARN_UNDECLARED_SELECTOR = YES;
				GCC_WARN_UNINITIALIZED_AUTOS = YES_AGGRESSIVE;
				GCC_WARN_UNUSED_FUNCTION = YES;
				GCC_WARN_UNUSED_VARIABLE = YES;
				IPHONEOS_DEPLOYMENT_TARGET = 9.1;
				MTL_ENABLE_DEBUG_INFO = NO;
				SDKROOT = iphoneos;
				VALIDATE_PRODUCT = YES;
			};
			name = Release;
		};
		4F40A3A71C22A2F500C9FD42 /* Debug */ = {
			isa = XCBuildConfiguration;
			buildSettings = {
				ASSETCATALOG_COMPILER_APPICON_NAME = AppIcon;
				INFOPLIST_FILE = elysium/Info.plist;
				LD_RUNPATH_SEARCH_PATHS = "$(inherited) @executable_path/Frameworks";
				PRODUCT_BUNDLE_IDENTIFIER = com.unionbankph.elysium;
				PRODUCT_NAME = "$(TARGET_NAME)";
			};
			name = Debug;
		};
		4F40A3A81C22A2F500C9FD42 /* Release */ = {
			isa = XCBuildConfiguration;
			buildSettings = {
				ASSETCATALOG_COMPILER_APPICON_NAME = AppIcon;
				INFOPLIST_FILE = elysium/Info.plist;
				LD_RUNPATH_SEARCH_PATHS = "$(inherited) @executable_path/Frameworks";
				PRODUCT_BUNDLE_IDENTIFIER = com.unionbankph.elysium;
				PRODUCT_NAME = "$(TARGET_NAME)";
			};
			name = Release;
		};
		4F40A3AA1C22A2F500C9FD42 /* Debug */ = {
			isa = XCBuildConfiguration;
			buildSettings = {
				BUNDLE_LOADER = "$(TEST_HOST)";
				INFOPLIST_FILE = elysiumTests/Info.plist;
				LD_RUNPATH_SEARCH_PATHS = "$(inherited) @executable_path/Frameworks @loader_path/Frameworks";
				PRODUCT_BUNDLE_IDENTIFIER = com.unionbankph.elysiumTests;
				PRODUCT_NAME = "$(TARGET_NAME)";
				TEST_HOST = "$(BUILT_PRODUCTS_DIR)/elysium.app/elysium";
			};
			name = Debug;
		};
		4F40A3AB1C22A2F500C9FD42 /* Release */ = {
			isa = XCBuildConfiguration;
			buildSettings = {
				BUNDLE_LOADER = "$(TEST_HOST)";
				INFOPLIST_FILE = elysiumTests/Info.plist;
				LD_RUNPATH_SEARCH_PATHS = "$(inherited) @executable_path/Frameworks @loader_path/Frameworks";
				PRODUCT_BUNDLE_IDENTIFIER = com.unionbankph.elysiumTests;
				PRODUCT_NAME = "$(TARGET_NAME)";
				TEST_HOST = "$(BUILT_PRODUCTS_DIR)/elysium.app/elysium";
			};
			name = Release;
		};
		4F40A3AD1C22A2F500C9FD42 /* Debug */ = {
			isa = XCBuildConfiguration;
			buildSettings = {
				INFOPLIST_FILE = elysiumUITests/Info.plist;
				LD_RUNPATH_SEARCH_PATHS = "$(inherited) @executable_path/Frameworks @loader_path/Frameworks";
				PRODUCT_BUNDLE_IDENTIFIER = com.unionbankph.elysiumUITests;
				PRODUCT_NAME = "$(TARGET_NAME)";
				TEST_TARGET_NAME = elysium;
				USES_XCTRUNNER = YES;
			};
			name = Debug;
		};
		4F40A3AE1C22A2F500C9FD42 /* Release */ = {
			isa = XCBuildConfiguration;
			buildSettings = {
				INFOPLIST_FILE = elysiumUITests/Info.plist;
				LD_RUNPATH_SEARCH_PATHS = "$(inherited) @executable_path/Frameworks @loader_path/Frameworks";
				PRODUCT_BUNDLE_IDENTIFIER = com.unionbankph.elysiumUITests;
				PRODUCT_NAME = "$(TARGET_NAME)";
				TEST_TARGET_NAME = elysium;
				USES_XCTRUNNER = YES;
			};
			name = Release;
		};
/* End XCBuildConfiguration section */

/* Begin XCConfigurationList section */
		4F40A3761C22A2F500C9FD42 /* Build configuration list for PBXProject "elysium" */ = {
			isa = XCConfigurationList;
			buildConfigurations = (
				4F40A3A41C22A2F500C9FD42 /* Debug */,
				4F40A3A51C22A2F500C9FD42 /* Release */,
			);
			defaultConfigurationIsVisible = 0;
			defaultConfigurationName = Release;
		};
		4F40A3A61C22A2F500C9FD42 /* Build configuration list for PBXNativeTarget "elysium" */ = {
			isa = XCConfigurationList;
			buildConfigurations = (
				4F40A3A71C22A2F500C9FD42 /* Debug */,
				4F40A3A81C22A2F500C9FD42 /* Release */,
			);
			defaultConfigurationIsVisible = 0;
		};
		4F40A3A91C22A2F500C9FD42 /* Build configuration list for PBXNativeTarget "elysiumTests" */ = {
			isa = XCConfigurationList;
			buildConfigurations = (
				4F40A3AA1C22A2F500C9FD42 /* Debug */,
				4F40A3AB1C22A2F500C9FD42 /* Release */,
			);
			defaultConfigurationIsVisible = 0;
		};
		4F40A3AC1C22A2F500C9FD42 /* Build configuration list for PBXNativeTarget "elysiumUITests" */ = {
			isa = XCConfigurationList;
			buildConfigurations = (
				4F40A3AD1C22A2F500C9FD42 /* Debug */,
				4F40A3AE1C22A2F500C9FD42 /* Release */,
			);
			defaultConfigurationIsVisible = 0;
		};
/* End XCConfigurationList section */

/* Begin XCVersionGroup section */
		4F40A3851C22A2F500C9FD42 /* elysium.xcdatamodeld */ = {
			isa = XCVersionGroup;
			children = (
				4F40A3861C22A2F500C9FD42 /* elysium.xcdatamodel */,
			);
			currentVersion = 4F40A3861C22A2F500C9FD42 /* elysium.xcdatamodel */;
			path = elysium.xcdatamodeld;
			sourceTree = "<group>";
			versionGroupType = wrapper.xcdatamodel;
		};
/* End XCVersionGroup section */
	};
	rootObject = 4F40A3731C22A2F500C9FD42 /* Project object */;
}
